
Microsoft Visual Studio Solution File, Format Version 12.00
# Visual Studio Version 16
VisualStudioVersion = 16.0.31005.135
MinimumVisualStudioVersion = 10.0.40219.1
Project("{9A19103F-16F7-4668-BE54-9A1E7A4F7556}") = "KampIntro", "KampIntro\KampIntro.csproj", "{2D7F4774-A165-4D95-9584-31ECF955B7E0}"
EndProject
Project("{9A19103F-16F7-4668-BE54-9A1E7A4F7556}") = "Donguler", "Donguler\Donguler.csproj", "{8535923D-A9B9-4E8F-9A35-02FB2EED38D4}"
EndProject
Project("{9A19103F-16F7-4668-BE54-9A1E7A4F7556}") = "ClassIntro", "ClassIntro\ClassIntro.csproj", "{FBF05F41-9F4F-408E-A86E-960E6F8FB61B}"
EndProject
Project("{9A19103F-16F7-4668-BE54-9A1E7A4F7556}") = "Metotlar", "Metotlar\Metotlar.csproj", "{39520FB8-5CB2-4C60-8ED7-6CDF4534F874}"
EndProject
Project("{9A19103F-16F7-4668-BE54-9A1E7A4F7556}") = "Matematik", "Matematik\Matematik.csproj", "{A2165539-8B92-4D4B-8B03-F10C0CD675C5}"
EndProject
Project("{9A19103F-16F7-4668-BE54-9A1E7A4F7556}") = "DegerVeReferansTipler", "DegerVeReferansTipler\DegerVeReferansTipler.csproj", "{03D127D4-ADF2-42BF-B084-3DD0E68FEE6C}"
EndProject
Project("{9A19103F-16F7-4668-BE54-9A1E7A4F7556}") = "OOP1", "OOP1\OOP1.csproj", "{4DBD7963-226D-4AC3-86F3-DC3822AF0DA8}"
EndProject
Project("{9A19103F-16F7-4668-BE54-9A1E7A4F7556}") = "Koleksiyonlar", "Koleksiyonlar\Koleksiyonlar.csproj", "{122D29CD-7B46-4F65-9CFC-133A0AB13F51}"
EndProject
Project("{9A19103F-16F7-4668-BE54-9A1E7A4F7556}") = "GenericsIntro", "GenericsIntro\GenericsIntro.csproj", "{DFDAB131-0B14-4194-91F6-84C9B2771AA3}"
EndProject
Project("{9A19103F-16F7-4668-BE54-9A1E7A4F7556}") = "OOP2", "OOP2\OOP2.csproj", "{0A148814-576D-4225-B74F-6381311A4306}"
EndProject
Project("{FAE04EC0-301F-11D3-BF4B-00C04F79EFBC}") = "OOP3", "OOP3\OOP3.csproj", "{40B54482-2FA6-476E-A116-E0891EC52A36}"
EndProject
Global
	GlobalSection(SolutionConfigurationPlatforms) = preSolution
		Debug|Any CPU = Debug|Any CPU
		Release|Any CPU = Release|Any CPU
	EndGlobalSection
	GlobalSection(ProjectConfigurationPlatforms) = postSolution
		{2D7F4774-A165-4D95-9584-31ECF955B7E0}.Debug|Any CPU.ActiveCfg = Debug|Any CPU
		{2D7F4774-A165-4D95-9584-31ECF955B7E0}.Debug|Any CPU.Build.0 = Debug|Any CPU
		{2D7F4774-A165-4D95-9584-31ECF955B7E0}.Release|Any CPU.ActiveCfg = Release|Any CPU
		{2D7F4774-A165-4D95-9584-31ECF955B7E0}.Release|Any CPU.Build.0 = Release|Any CPU
		{8535923D-A9B9-4E8F-9A35-02FB2EED38D4}.Debug|Any CPU.ActiveCfg = Debug|Any CPU
		{8535923D-A9B9-4E8F-9A35-02FB2EED38D4}.Debug|Any CPU.Build.0 = Debug|Any CPU
		{8535923D-A9B9-4E8F-9A35-02FB2EED38D4}.Release|Any CPU.ActiveCfg = Release|Any CPU
		{8535923D-A9B9-4E8F-9A35-02FB2EED38D4}.Release|Any CPU.Build.0 = Release|Any CPU
		{FBF05F41-9F4F-408E-A86E-960E6F8FB61B}.Debug|Any CPU.ActiveCfg = Debug|Any CPU
		{FBF05F41-9F4F-408E-A86E-960E6F8FB61B}.Debug|Any CPU.Build.0 = Debug|Any CPU
		{FBF05F41-9F4F-408E-A86E-960E6F8FB61B}.Release|Any CPU.ActiveCfg = Release|Any CPU
		{FBF05F41-9F4F-408E-A86E-960E6F8FB61B}.Release|Any CPU.Build.0 = Release|Any CPU
		{39520FB8-5CB2-4C60-8ED7-6CDF4534F874}.Debug|Any CPU.ActiveCfg = Debug|Any CPU
		{39520FB8-5CB2-4C60-8ED7-6CDF4534F874}.Debug|Any CPU.Build.0 = Debug|Any CPU
		{39520FB8-5CB2-4C60-8ED7-6CDF4534F874}.Release|Any CPU.ActiveCfg = Release|Any CPU
		{39520FB8-5CB2-4C60-8ED7-6CDF4534F874}.Release|Any CPU.Build.0 = Release|Any CPU
		{A2165539-8B92-4D4B-8B03-F10C0CD675C5}.Debug|Any CPU.ActiveCfg = Debug|Any CPU
		{A2165539-8B92-4D4B-8B03-F10C0CD675C5}.Debug|Any CPU.Build.0 = Debug|Any CPU
		{A2165539-8B92-4D4B-8B03-F10C0CD675C5}.Release|Any CPU.ActiveCfg = Release|Any CPU
		{A2165539-8B92-4D4B-8B03-F10C0CD675C5}.Release|Any CPU.Build.0 = Release|Any CPU
		{03D127D4-ADF2-42BF-B084-3DD0E68FEE6C}.Debug|Any CPU.ActiveCfg = Debug|Any CPU
		{03D127D4-ADF2-42BF-B084-3DD0E68FEE6C}.Debug|Any CPU.Build.0 = Debug|Any CPU
		{03D127D4-ADF2-42BF-B084-3DD0E68FEE6C}.Release|Any CPU.ActiveCfg = Release|Any CPU
		{03D127D4-ADF2-42BF-B084-3DD0E68FEE6C}.Release|Any CPU.Build.0 = Release|Any CPU
		{4DBD7963-226D-4AC3-86F3-DC3822AF0DA8}.Debug|Any CPU.ActiveCfg = Debug|Any CPU
		{4DBD7963-226D-4AC3-86F3-DC3822AF0DA8}.Debug|Any CPU.Build.0 = Debug|Any CPU
		{4DBD7963-226D-4AC3-86F3-DC3822AF0DA8}.Release|Any CPU.ActiveCfg = Release|Any CPU
		{4DBD7963-226D-4AC3-86F3-DC3822AF0DA8}.Release|Any CPU.Build.0 = Release|Any CPU
		{122D29CD-7B46-4F65-9CFC-133A0AB13F51}.Debug|Any CPU.ActiveCfg = Debug|Any CPU
		{122D29CD-7B46-4F65-9CFC-133A0AB13F51}.Debug|Any CPU.Build.0 = Debug|Any CPU
		{122D29CD-7B46-4F65-9CFC-133A0AB13F51}.Release|Any CPU.ActiveCfg = Release|Any CPU
		{122D29CD-7B46-4F65-9CFC-133A0AB13F51}.Release|Any CPU.Build.0 = Release|Any CPU
		{DFDAB131-0B14-4194-91F6-84C9B2771AA3}.Debug|Any CPU.ActiveCfg = Debug|Any CPU
		{DFDAB131-0B14-4194-91F6-84C9B2771AA3}.Debug|Any CPU.Build.0 = Debug|Any CPU
		{DFDAB131-0B14-4194-91F6-84C9B2771AA3}.Release|Any CPU.ActiveCfg = Release|Any CPU
		{DFDAB131-0B14-4194-91F6-84C9B2771AA3}.Release|Any CPU.Build.0 = Release|Any CPU
		{0A148814-576D-4225-B74F-6381311A4306}.Debug|Any CPU.ActiveCfg = Debug|Any CPU
		{0A148814-576D-4225-B74F-6381311A4306}.Debug|Any CPU.Build.0 = Debug|Any CPU
		{0A148814-576D-4225-B74F-6381311A4306}.Release|Any CPU.ActiveCfg = Release|Any CPU
		{0A148814-576D-4225-B74F-6381311A4306}.Release|Any CPU.Build.0 = Release|Any CPU
		{40B54482-2FA6-476E-A116-E0891EC52A36}.Debug|Any CPU.ActiveCfg = Debug|Any CPU
		{40B54482-2FA6-476E-A116-E0891EC52A36}.Debug|Any CPU.Build.0 = Debug|Any CPU
		{40B54482-2FA6-476E-A116-E0891EC52A36}.Release|Any CPU.ActiveCfg = Release|Any CPU
		{40B54482-2FA6-476E-A116-E0891EC52A36}.Release|Any CPU.Build.0 = Release|Any CPU
	EndGlobalSection
	GlobalSection(SolutionProperties) = preSolution
		HideSolutionNode = FALSE
	EndGlobalSection
	GlobalSection(ExtensibilityGlobals) = postSolution
		SolutionGuid = {9C0D624F-EAF5-47E2-AC6F-63151670C0D1}
	EndGlobalSection
EndGlobal
